
Microsoft Visual Studio Solution File, Format Version 12.00
# Visual Studio Version 17
VisualStudioVersion = 17.7.34031.279
MinimumVisualStudioVersion = 10.0.40219.1
Project("{FAE04EC0-301F-11D3-BF4B-00C04F79EFBC}") = "Assy_System_UI", "Assy_System_UI.csproj", "{DE8BE431-ED41-4B8F-AC29-CEC5E04AD127}"
EndProject
Global
	GlobalSection(SolutionConfigurationPlatforms) = preSolution
		Debug|Any CPU = Debug|Any CPU
		Release|Any CPU = Release|Any CPU
	EndGlobalSection
	GlobalSection(ProjectConfigurationPlatforms) = postSolution
		{DE8BE431-ED41-4B8F-AC29-CEC5E04AD127}.Debug|Any CPU.ActiveCfg = Debug|Any CPU
		{DE8BE431-ED41-4B8F-AC29-CEC5E04AD127}.Debug|Any CPU.Build.0 = Debug|Any CPU
		{DE8BE431-ED41-4B8F-AC29-CEC5E04AD127}.Release|Any CPU.ActiveCfg = Release|Any CPU
		{DE8BE431-ED41-4B8F-AC29-CEC5E04AD127}.Release|Any CPU.Build.0 = Release|Any CPU
	EndGlobalSection
	GlobalSection(SolutionProperties) = preSolution
		HideSolutionNode = FALSE
	EndGlobalSection
	GlobalSection(ExtensibilityGlobals) = postSolution
		SolutionGuid = {7DAF0573-D6D2-4D4D-A809-5D9C938A65BF}
	EndGlobalSection
EndGlobal
